// !$*UTF8*$!
{
	archiveVersion = 1;
	classes = {
	};
	objectVersion = 56;
	objects = {

/* Begin PBXBuildFile section */
		2401EC5F2BAADBC1001EA622 /* fetch_exerciseApp.swift in Sources */ = {isa = PBXBuildFile; fileRef = 2401EC5E2BAADBC1001EA622 /* fetch_exerciseApp.swift */; };
		2401EC612BAADBC1001EA622 /* ContentView.swift in Sources */ = {isa = PBXBuildFile; fileRef = 2401EC602BAADBC1001EA622 /* ContentView.swift */; };
		2401EC632BAADBC3001EA622 /* Assets.xcassets in Resources */ = {isa = PBXBuildFile; fileRef = 2401EC622BAADBC3001EA622 /* Assets.xcassets */; };
		2401EC662BAADBC3001EA622 /* Preview Assets.xcassets in Resources */ = {isa = PBXBuildFile; fileRef = 2401EC652BAADBC3001EA622 /* Preview Assets.xcassets */; };
		2401EC682BAADBC3001EA622 /* Persistence.swift in Sources */ = {isa = PBXBuildFile; fileRef = 2401EC672BAADBC3001EA622 /* Persistence.swift */; };
		2401EC6B2BAADBC3001EA622 /* fetch_exercise.xcdatamodeld in Sources */ = {isa = PBXBuildFile; fileRef = 2401EC692BAADBC3001EA622 /* fetch_exercise.xcdatamodeld */; };
		2401EC752BAADBC3001EA622 /* fetch_exerciseTests.swift in Sources */ = {isa = PBXBuildFile; fileRef = 2401EC742BAADBC3001EA622 /* fetch_exerciseTests.swift */; };
		2401EC7F2BAADBC3001EA622 /* fetch_exerciseUITests.swift in Sources */ = {isa = PBXBuildFile; fileRef = 2401EC7E2BAADBC3001EA622 /* fetch_exerciseUITests.swift */; };
		2401EC812BAADBC3001EA622 /* fetch_exerciseUITestsLaunchTests.swift in Sources */ = {isa = PBXBuildFile; fileRef = 2401EC802BAADBC3001EA622 /* fetch_exerciseUITestsLaunchTests.swift */; };
		2435701D2BAAE1EF00556683 /* ListItem.swift in Sources */ = {isa = PBXBuildFile; fileRef = 2435701C2BAAE1EF00556683 /* ListItem.swift */; };
		2435701F2BAAE31900556683 /* ListItemsViewModel.swift in Sources */ = {isa = PBXBuildFile; fileRef = 2435701E2BAAE31900556683 /* ListItemsViewModel.swift */; };
		243570212BAAE33D00556683 /* ListItemsView.swift in Sources */ = {isa = PBXBuildFile; fileRef = 243570202BAAE33D00556683 /* ListItemsView.swift */; };
/* End PBXBuildFile section */

/* Begin PBXContainerItemProxy section */
		2401EC712BAADBC3001EA622 /* PBXContainerItemProxy */ = {
			isa = PBXContainerItemProxy;
			containerPortal = 2401EC532BAADBC1001EA622 /* Project object */;
			proxyType = 1;
			remoteGlobalIDString = 2401EC5A2BAADBC1001EA622;
			remoteInfo = "fetch-exercise";
		};
		2401EC7B2BAADBC3001EA622 /* PBXContainerItemProxy */ = {
			isa = PBXContainerItemProxy;
			containerPortal = 2401EC532BAADBC1001EA622 /* Project object */;
			proxyType = 1;
			remoteGlobalIDString = 2401EC5A2BAADBC1001EA622;
			remoteInfo = "fetch-exercise";
		};
/* End PBXContainerItemProxy section */

/* Begin PBXFileReference section */
		2401EC5B2BAADBC1001EA622 /* fetch-exercise.app */ = {isa = PBXFileReference; explicitFileType = wrapper.application; includeInIndex = 0; path = "fetch-exercise.app"; sourceTree = BUILT_PRODUCTS_DIR; };
		2401EC5E2BAADBC1001EA622 /* fetch_exerciseApp.swift */ = {isa = PBXFileReference; lastKnownFileType = sourcecode.swift; path = fetch_exerciseApp.swift; sourceTree = "<group>"; };
		2401EC602BAADBC1001EA622 /* ContentView.swift */ = {isa = PBXFileReference; lastKnownFileType = sourcecode.swift; path = ContentView.swift; sourceTree = "<group>"; };
		2401EC622BAADBC3001EA622 /* Assets.xcassets */ = {isa = PBXFileReference; lastKnownFileType = folder.assetcatalog; path = Assets.xcassets; sourceTree = "<group>"; };
		2401EC652BAADBC3001EA622 /* Preview Assets.xcassets */ = {isa = PBXFileReference; lastKnownFileType = folder.assetcatalog; path = "Preview Assets.xcassets"; sourceTree = "<group>"; };
		2401EC672BAADBC3001EA622 /* Persistence.swift */ = {isa = PBXFileReference; lastKnownFileType = sourcecode.swift; path = Persistence.swift; sourceTree = "<group>"; };
		2401EC6A2BAADBC3001EA622 /* fetch_exercise.xcdatamodel */ = {isa = PBXFileReference; lastKnownFileType = wrapper.xcdatamodel; path = fetch_exercise.xcdatamodel; sourceTree = "<group>"; };
		2401EC702BAADBC3001EA622 /* fetch-exerciseTests.xctest */ = {isa = PBXFileReference; explicitFileType = wrapper.cfbundle; includeInIndex = 0; path = "fetch-exerciseTests.xctest"; sourceTree = BUILT_PRODUCTS_DIR; };
		2401EC742BAADBC3001EA622 /* fetch_exerciseTests.swift */ = {isa = PBXFileReference; lastKnownFileType = sourcecode.swift; path = fetch_exerciseTests.swift; sourceTree = "<group>"; };
		2401EC7A2BAADBC3001EA622 /* fetch-exerciseUITests.xctest */ = {isa = PBXFileReference; explicitFileType = wrapper.cfbundle; includeInIndex = 0; path = "fetch-exerciseUITests.xctest"; sourceTree = BUILT_PRODUCTS_DIR; };
		2401EC7E2BAADBC3001EA622 /* fetch_exerciseUITests.swift */ = {isa = PBXFileReference; lastKnownFileType = sourcecode.swift; path = fetch_exerciseUITests.swift; sourceTree = "<group>"; };
		2401EC802BAADBC3001EA622 /* fetch_exerciseUITestsLaunchTests.swift */ = {isa = PBXFileReference; lastKnownFileType = sourcecode.swift; path = fetch_exerciseUITestsLaunchTests.swift; sourceTree = "<group>"; };
		2435701C2BAAE1EF00556683 /* ListItem.swift */ = {isa = PBXFileReference; lastKnownFileType = sourcecode.swift; path = ListItem.swift; sourceTree = "<group>"; };
		2435701E2BAAE31900556683 /* ListItemsViewModel.swift */ = {isa = PBXFileReference; lastKnownFileType = sourcecode.swift; path = ListItemsViewModel.swift; sourceTree = "<group>"; };
		243570202BAAE33D00556683 /* ListItemsView.swift */ = {isa = PBXFileReference; lastKnownFileType = sourcecode.swift; path = ListItemsView.swift; sourceTree = "<group>"; };
/* End PBXFileReference section */

/* Begin PBXFrameworksBuildPhase section */
		2401EC582BAADBC1001EA622 /* Frameworks */ = {
			isa = PBXFrameworksBuildPhase;
			buildActionMask = 2147483647;
			files = (
			);
			runOnlyForDeploymentPostprocessing = 0;
		};
		2401EC6D2BAADBC3001EA622 /* Frameworks */ = {
			isa = PBXFrameworksBuildPhase;
			buildActionMask = 2147483647;
			files = (
			);
			runOnlyForDeploymentPostprocessing = 0;
		};
		2401EC772BAADBC3001EA622 /* Frameworks */ = {
			isa = PBXFrameworksBuildPhase;
			buildActionMask = 2147483647;
			files = (
			);
			runOnlyForDeploymentPostprocessing = 0;
		};
/* End PBXFrameworksBuildPhase section */

/* Begin PBXGroup section */
		2401EC522BAADBC1001EA622 = {
			isa = PBXGroup;
			children = (
				2401EC5D2BAADBC1001EA622 /* fetch-exercise */,
				2401EC732BAADBC3001EA622 /* fetch-exerciseTests */,
				2401EC7D2BAADBC3001EA622 /* fetch-exerciseUITests */,
				2401EC5C2BAADBC1001EA622 /* Products */,
			);
			sourceTree = "<group>";
		};
		2401EC5C2BAADBC1001EA622 /* Products */ = {
			isa = PBXGroup;
			children = (
				2401EC5B2BAADBC1001EA622 /* fetch-exercise.app */,
				2401EC702BAADBC3001EA622 /* fetch-exerciseTests.xctest */,
				2401EC7A2BAADBC3001EA622 /* fetch-exerciseUITests.xctest */,
			);
			name = Products;
			sourceTree = "<group>";
		};
		2401EC5D2BAADBC1001EA622 /* fetch-exercise */ = {
			isa = PBXGroup;
			children = (
				2401EC5E2BAADBC1001EA622 /* fetch_exerciseApp.swift */,
				2401EC602BAADBC1001EA622 /* ContentView.swift */,
				2401EC622BAADBC3001EA622 /* Assets.xcassets */,
				2401EC672BAADBC3001EA622 /* Persistence.swift */,
				2401EC692BAADBC3001EA622 /* fetch_exercise.xcdatamodeld */,
				2401EC642BAADBC3001EA622 /* Preview Content */,
				2435701E2BAAE31900556683 /* ListItemsViewModel.swift */,
				2435701C2BAAE1EF00556683 /* ListItem.swift */,
				243570202BAAE33D00556683 /* ListItemsView.swift */,
			);
			path = "fetch-exercise";
			sourceTree = "<group>";
		};
		2401EC642BAADBC3001EA622 /* Preview Content */ = {
			isa = PBXGroup;
			children = (
				2401EC652BAADBC3001EA622 /* Preview Assets.xcassets */,
			);
			path = "Preview Content";
			sourceTree = "<group>";
		};
		2401EC732BAADBC3001EA622 /* fetch-exerciseTests */ = {
			isa = PBXGroup;
			children = (
				2401EC742BAADBC3001EA622 /* fetch_exerciseTests.swift */,
			);
			path = "fetch-exerciseTests";
			sourceTree = "<group>";
		};
		2401EC7D2BAADBC3001EA622 /* fetch-exerciseUITests */ = {
			isa = PBXGroup;
			children = (
				2401EC7E2BAADBC3001EA622 /* fetch_exerciseUITests.swift */,
				2401EC802BAADBC3001EA622 /* fetch_exerciseUITestsLaunchTests.swift */,
			);
			path = "fetch-exerciseUITests";
			sourceTree = "<group>";
		};
/* End PBXGroup section */

/* Begin PBXNativeTarget section */
		2401EC5A2BAADBC1001EA622 /* fetch-exercise */ = {
			isa = PBXNativeTarget;
			buildConfigurationList = 2401EC842BAADBC3001EA622 /* Build configuration list for PBXNativeTarget "fetch-exercise" */;
			buildPhases = (
				2401EC572BAADBC1001EA622 /* Sources */,
				2401EC582BAADBC1001EA622 /* Frameworks */,
				2401EC592BAADBC1001EA622 /* Resources */,
			);
			buildRules = (
			);
			dependencies = (
			);
			name = "fetch-exercise";
			productName = "fetch-exercise";
			productReference = 2401EC5B2BAADBC1001EA622 /* fetch-exercise.app */;
			productType = "com.apple.product-type.application";
		};
		2401EC6F2BAADBC3001EA622 /* fetch-exerciseTests */ = {
			isa = PBXNativeTarget;
			buildConfigurationList = 2401EC872BAADBC3001EA622 /* Build configuration list for PBXNativeTarget "fetch-exerciseTests" */;
			buildPhases = (
				2401EC6C2BAADBC3001EA622 /* Sources */,
				2401EC6D2BAADBC3001EA622 /* Frameworks */,
				2401EC6E2BAADBC3001EA622 /* Resources */,
			);
			buildRules = (
			);
			dependencies = (
				2401EC722BAADBC3001EA622 /* PBXTargetDependency */,
			);
			name = "fetch-exerciseTests";
			productName = "fetch-exerciseTests";
			productReference = 2401EC702BAADBC3001EA622 /* fetch-exerciseTests.xctest */;
			productType = "com.apple.product-type.bundle.unit-test";
		};
		2401EC792BAADBC3001EA622 /* fetch-exerciseUITests */ = {
			isa = PBXNativeTarget;
			buildConfigurationList = 2401EC8A2BAADBC3001EA622 /* Build configuration list for PBXNativeTarget "fetch-exerciseUITests" */;
			buildPhases = (
				2401EC762BAADBC3001EA622 /* Sources */,
				2401EC772BAADBC3001EA622 /* Frameworks */,
				2401EC782BAADBC3001EA622 /* Resources */,
			);
			buildRules = (
			);
			dependencies = (
				2401EC7C2BAADBC3001EA622 /* PBXTargetDependency */,
			);
			name = "fetch-exerciseUITests";
			productName = "fetch-exerciseUITests";
			productReference = 2401EC7A2BAADBC3001EA622 /* fetch-exerciseUITests.xctest */;
			productType = "com.apple.product-type.bundle.ui-testing";
		};
/* End PBXNativeTarget section */

/* Begin PBXProject section */
		2401EC532BAADBC1001EA622 /* Project object */ = {
			isa = PBXProject;
			attributes = {
				BuildIndependentTargetsInParallel = 1;
				LastSwiftUpdateCheck = 1520;
				LastUpgradeCheck = 1520;
				TargetAttributes = {
					2401EC5A2BAADBC1001EA622 = {
						CreatedOnToolsVersion = 15.2;
					};
					2401EC6F2BAADBC3001EA622 = {
						CreatedOnToolsVersion = 15.2;
						TestTargetID = 2401EC5A2BAADBC1001EA622;
					};
					2401EC792BAADBC3001EA622 = {
						CreatedOnToolsVersion = 15.2;
						TestTargetID = 2401EC5A2BAADBC1001EA622;
					};
				};
			};
			buildConfigurationList = 2401EC562BAADBC1001EA622 /* Build configuration list for PBXProject "fetch-exercise" */;
			compatibilityVersion = "Xcode 14.0";
			developmentRegion = en;
			hasScannedForEncodings = 0;
			knownRegions = (
				en,
				Base,
			);
			mainGroup = 2401EC522BAADBC1001EA622;
			productRefGroup = 2401EC5C2BAADBC1001EA622 /* Products */;
			projectDirPath = "";
			projectRoot = "";
			targets = (
				2401EC5A2BAADBC1001EA622 /* fetch-exercise */,
				2401EC6F2BAADBC3001EA622 /* fetch-exerciseTests */,
				2401EC792BAADBC3001EA622 /* fetch-exerciseUITests */,
			);
		};
/* End PBXProject section */

/* Begin PBXResourcesBuildPhase section */
		2401EC592BAADBC1001EA622 /* Resources */ = {
			isa = PBXResourcesBuildPhase;
			buildActionMask = 2147483647;
			files = (
				2401EC662BAADBC3001EA622 /* Preview Assets.xcassets in Resources */,
				2401EC632BAADBC3001EA622 /* Assets.xcassets in Resources */,
			);
			runOnlyForDeploymentPostprocessing = 0;
		};
		2401EC6E2BAADBC3001EA622 /* Resources */ = {
			isa = PBXResourcesBuildPhase;
			buildActionMask = 2147483647;
			files = (
			);
			runOnlyForDeploymentPostprocessing = 0;
		};
		2401EC782BAADBC3001EA622 /* Resources */ = {
			isa = PBXResourcesBuildPhase;
			buildActionMask = 2147483647;
			files = (
			);
			runOnlyForDeploymentPostprocessing = 0;
		};
/* End PBXResourcesBuildPhase section */

/* Begin PBXSourcesBuildPhase section */
		2401EC572BAADBC1001EA622 /* Sources */ = {
			isa = PBXSourcesBuildPhase;
			buildActionMask = 2147483647;
			files = (
				2435701D2BAAE1EF00556683 /* ListItem.swift in Sources */,
				2401EC6B2BAADBC3001EA622 /* fetch_exercise.xcdatamodeld in Sources */,
				2435701F2BAAE31900556683 /* ListItemsViewModel.swift in Sources */,
				2401EC682BAADBC3001EA622 /* Persistence.swift in Sources */,
				2401EC612BAADBC1001EA622 /* ContentView.swift in Sources */,
				243570212BAAE33D00556683 /* ListItemsView.swift in Sources */,
				2401EC5F2BAADBC1001EA622 /* fetch_exerciseApp.swift in Sources */,
			);
			runOnlyForDeploymentPostprocessing = 0;
		};
		2401EC6C2BAADBC3001EA622 /* Sources */ = {
			isa = PBXSourcesBuildPhase;
			buildActionMask = 2147483647;
			files = (
				2401EC752BAADBC3001EA622 /* fetch_exerciseTests.swift in Sources */,
			);
			runOnlyForDeploymentPostprocessing = 0;
		};
		2401EC762BAADBC3001EA622 /* Sources */ = {
			isa = PBXSourcesBuildPhase;
			buildActionMask = 2147483647;
			files = (
				2401EC7F2BAADBC3001EA622 /* fetch_exerciseUITests.swift in Sources */,
				2401EC812BAADBC3001EA622 /* fetch_exerciseUITestsLaunchTests.swift in Sources */,
			);
			runOnlyForDeploymentPostprocessing = 0;
		};
/* End PBXSourcesBuildPhase section */

/* Begin PBXTargetDependency section */
		2401EC722BAADBC3001EA622 /* PBXTargetDependency */ = {
			isa = PBXTargetDependency;
			target = 2401EC5A2BAADBC1001EA622 /* fetch-exercise */;
			targetProxy = 2401EC712BAADBC3001EA622 /* PBXContainerItemProxy */;
		};
		2401EC7C2BAADBC3001EA622 /* PBXTargetDependency */ = {
			isa = PBXTargetDependency;
			target = 2401EC5A2BAADBC1001EA622 /* fetch-exercise */;
			targetProxy = 2401EC7B2BAADBC3001EA622 /* PBXContainerItemProxy */;
		};
/* End PBXTargetDependency section */

/* Begin XCBuildConfiguration section */
		2401EC822BAADBC3001EA622 /* Debug */ = {
			isa = XCBuildConfiguration;
			buildSettings = {
				ALWAYS_SEARCH_USER_PATHS = NO;
				ASSETCATALOG_COMPILER_GENERATE_SWIFT_ASSET_SYMBOL_EXTENSIONS = YES;
				CLANG_ANALYZER_NONNULL = YES;
				CLANG_ANALYZER_NUMBER_OBJECT_CONVERSION = YES_AGGRESSIVE;
				CLANG_CXX_LANGUAGE_STANDARD = "gnu++20";
				CLANG_ENABLE_MODULES = YES;
				CLANG_ENABLE_OBJC_ARC = YES;
				CLANG_ENABLE_OBJC_WEAK = YES;
				CLANG_WARN_BLOCK_CAPTURE_AUTORELEASING = YES;
				CLANG_WARN_BOOL_CONVERSION = YES;
				CLANG_WARN_COMMA = YES;
				CLANG_WARN_CONSTANT_CONVERSION = YES;
				CLANG_WARN_DEPRECATED_OBJC_IMPLEMENTATIONS = YES;
				CLANG_WARN_DIRECT_OBJC_ISA_USAGE = YES_ERROR;
				CLANG_WARN_DOCUMENTATION_COMMENTS = YES;
				CLANG_WARN_EMPTY_BODY = YES;
				CLANG_WARN_ENUM_CONVERSION = YES;
				CLANG_WARN_INFINITE_RECURSION = YES;
				CLANG_WARN_INT_CONVERSION = YES;
				CLANG_WARN_NON_LITERAL_NULL_CONVERSION = YES;
				CLANG_WARN_OBJC_IMPLICIT_RETAIN_SELF = YES;
				CLANG_WARN_OBJC_LITERAL_CONVERSION = YES;
				CLANG_WARN_OBJC_ROOT_CLASS = YES_ERROR;
				CLANG_WARN_QUOTED_INCLUDE_IN_FRAMEWORK_HEADER = YES;
				CLANG_WARN_RANGE_LOOP_ANALYSIS = YES;
				CLANG_WARN_STRICT_PROTOTYPES = YES;
				CLANG_WARN_SUSPICIOUS_MOVE = YES;
				CLANG_WARN_UNGUARDED_AVAILABILITY = YES_AGGRESSIVE;
				CLANG_WARN_UNREACHABLE_CODE = YES;
				CLANG_WARN__DUPLICATE_METHOD_MATCH = YES;
				COPY_PHASE_STRIP = NO;
				DEBUG_INFORMATION_FORMAT = dwarf;
				ENABLE_STRICT_OBJC_MSGSEND = YES;
				ENABLE_TESTABILITY = YES;
				ENABLE_USER_SCRIPT_SANDBOXING = YES;
				GCC_C_LANGUAGE_STANDARD = gnu17;
				GCC_DYNAMIC_NO_PIC = NO;
				GCC_NO_COMMON_BLOCKS = YES;
				GCC_OPTIMIZATION_LEVEL = 0;
				GCC_PREPROCESSOR_DEFINITIONS = (
					"DEBUG=1",
					"$(inherited)",
				);
				GCC_WARN_64_TO_32_BIT_CONVERSION = YES;
				GCC_WARN_ABOUT_RETURN_TYPE = YES_ERROR;
				GCC_WARN_UNDECLARED_SELECTOR = YES;
				GCC_WARN_UNINITIALIZED_AUTOS = YES_AGGRESSIVE;
				GCC_WARN_UNUSED_FUNCTION = YES;
				GCC_WARN_UNUSED_VARIABLE = YES;
				IPHONEOS_DEPLOYMENT_TARGET = 17.2;
				LOCALIZATION_PREFERS_STRING_CATALOGS = YES;
				MTL_ENABLE_DEBUG_INFO = INCLUDE_SOURCE;
				MTL_FAST_MATH = YES;
				ONLY_ACTIVE_ARCH = YES;
				SDKROOT = iphoneos;
				SWIFT_ACTIVE_COMPILATION_CONDITIONS = "DEBUG $(inherited)";
				SWIFT_OPTIMIZATION_LEVEL = "-Onone";
			};
			name = Debug;
		};
		2401EC832BAADBC3001EA622 /* Release */ = {
			isa = XCBuildConfiguration;
			buildSettings = {
				ALWAYS_SEARCH_USER_PATHS = NO;
				ASSETCATALOG_COMPILER_GENERATE_SWIFT_ASSET_SYMBOL_EXTENSIONS = YES;
				CLANG_ANALYZER_NONNULL = YES;
				CLANG_ANALYZER_NUMBER_OBJECT_CONVERSION = YES_AGGRESSIVE;
				CLANG_CXX_LANGUAGE_STANDARD = "gnu++20";
				CLANG_ENABLE_MODULES = YES;
				CLANG_ENABLE_OBJC_ARC = YES;
				CLANG_ENABLE_OBJC_WEAK = YES;
				CLANG_WARN_BLOCK_CAPTURE_AUTORELEASING = YES;
				CLANG_WARN_BOOL_CONVERSION = YES;
				CLANG_WARN_COMMA = YES;
				CLANG_WARN_CONSTANT_CONVERSION = YES;
				CLANG_WARN_DEPRECATED_OBJC_IMPLEMENTATIONS = YES;
				CLANG_WARN_DIRECT_OBJC_ISA_USAGE = YES_ERROR;
				CLANG_WARN_DOCUMENTATION_COMMENTS = YES;
				CLANG_WARN_EMPTY_BODY = YES;
				CLANG_WARN_ENUM_CONVERSION = YES;
				CLANG_WARN_INFINITE_RECURSION = YES;
				CLANG_WARN_INT_CONVERSION = YES;
				CLANG_WARN_NON_LITERAL_NULL_CONVERSION = YES;
				CLANG_WARN_OBJC_IMPLICIT_RETAIN_SELF = YES;
				CLANG_WARN_OBJC_LITERAL_CONVERSION = YES;
				CLANG_WARN_OBJC_ROOT_CLASS = YES_ERROR;
				CLANG_WARN_QUOTED_INCLUDE_IN_FRAMEWORK_HEADER = YES;
				CLANG_WARN_RANGE_LOOP_ANALYSIS = YES;
				CLANG_WARN_STRICT_PROTOTYPES = YES;
				CLANG_WARN_SUSPICIOUS_MOVE = YES;
				CLANG_WARN_UNGUARDED_AVAILABILITY = YES_AGGRESSIVE;
				CLANG_WARN_UNREACHABLE_CODE = YES;
				CLANG_WARN__DUPLICATE_METHOD_MATCH = YES;
				COPY_PHASE_STRIP = NO;
				DEBUG_INFORMATION_FORMAT = "dwarf-with-dsym";
				ENABLE_NS_ASSERTIONS = NO;
				ENABLE_STRICT_OBJC_MSGSEND = YES;
				ENABLE_USER_SCRIPT_SANDBOXING = YES;
				GCC_C_LANGUAGE_STANDARD = gnu17;
				GCC_NO_COMMON_BLOCKS = YES;
				GCC_WARN_64_TO_32_BIT_CONVERSION = YES;
				GCC_WARN_ABOUT_RETURN_TYPE = YES_ERROR;
				GCC_WARN_UNDECLARED_SELECTOR = YES;
				GCC_WARN_UNINITIALIZED_AUTOS = YES_AGGRESSIVE;
				GCC_WARN_UNUSED_FUNCTION = YES;
				GCC_WARN_UNUSED_VARIABLE = YES;
				IPHONEOS_DEPLOYMENT_TARGET = 17.2;
				LOCALIZATION_PREFERS_STRING_CATALOGS = YES;
				MTL_ENABLE_DEBUG_INFO = NO;
				MTL_FAST_MATH = YES;
				SDKROOT = iphoneos;
				SWIFT_COMPILATION_MODE = wholemodule;
				VALIDATE_PRODUCT = YES;
			};
			name = Release;
		};
		2401EC852BAADBC3001EA622 /* Debug */ = {
			isa = XCBuildConfiguration;
			buildSettings = {
				ASSETCATALOG_COMPILER_APPICON_NAME = AppIcon;
				ASSETCATALOG_COMPILER_GLOBAL_ACCENT_COLOR_NAME = AccentColor;
				CODE_SIGN_STYLE = Automatic;
				CURRENT_PROJECT_VERSION = 1;
				DEVELOPMENT_ASSET_PATHS = "\"fetch-exercise/Preview Content\"";
				ENABLE_PREVIEWS = YES;
				GENERATE_INFOPLIST_FILE = YES;
				INFOPLIST_KEY_UIApplicationSceneManifest_Generation = YES;
				INFOPLIST_KEY_UIApplicationSupportsIndirectInputEvents = YES;
				INFOPLIST_KEY_UILaunchScreen_Generation = YES;
				INFOPLIST_KEY_UISupportedInterfaceOrientations_iPad = "UIInterfaceOrientationPortrait UIInterfaceOrientationPortraitUpsideDown UIInterfaceOrientationLandscapeLeft UIInterfaceOrientationLandscapeRight";
				INFOPLIST_KEY_UISupportedInterfaceOrientations_iPhone = "UIInterfaceOrientationPortrait UIInterfaceOrientationLandscapeLeft UIInterfaceOrientationLandscapeRight";
				LD_RUNPATH_SEARCH_PATHS = (
					"$(inherited)",
					"@executable_path/Frameworks",
				);
				MARKETING_VERSION = 1.0;
				PRODUCT_BUNDLE_IDENTIFIER = "jasmine.fetch-exercise";
				PRODUCT_NAME = "$(TARGET_NAME)";
				SWIFT_EMIT_LOC_STRINGS = YES;
				SWIFT_VERSION = 5.0;
				TARGETED_DEVICE_FAMILY = "1,2";
			};
			name = Debug;
		};
		2401EC862BAADBC3001EA622 /* Release */ = {
			isa = XCBuildConfiguration;
			buildSettings = {
				ASSETCATALOG_COMPILER_APPICON_NAME = AppIcon;
				ASSETCATALOG_COMPILER_GLOBAL_ACCENT_COLOR_NAME = AccentColor;
				CODE_SIGN_STYLE = Automatic;
				CURRENT_PROJECT_VERSION = 1;
				DEVELOPMENT_ASSET_PATHS = "\"fetch-exercise/Preview Content\"";
				ENABLE_PREVIEWS = YES;
				GENERATE_INFOPLIST_FILE = YES;
				INFOPLIST_KEY_UIApplicationSceneManifest_Generation = YES;
				INFOPLIST_KEY_UIApplicationSupportsIndirectInputEvents = YES;
				INFOPLIST_KEY_UILaunchScreen_Generation = YES;
				INFOPLIST_KEY_UISupportedInterfaceOrientations_iPad = "UIInterfaceOrientationPortrait UIInterfaceOrientationPortraitUpsideDown UIInterfaceOrientationLandscapeLeft UIInterfaceOrientationLandscapeRight";
				INFOPLIST_KEY_UISupportedInterfaceOrientations_iPhone = "UIInterfaceOrientationPortrait UIInterfaceOrientationLandscapeLeft UIInterfaceOrientationLandscapeRight";
				LD_RUNPATH_SEARCH_PATHS = (
					"$(inherited)",
					"@executable_path/Frameworks",
				);
				MARKETING_VERSION = 1.0;
				PRODUCT_BUNDLE_IDENTIFIER = "jasmine.fetch-exercise";
				PRODUCT_NAME = "$(TARGET_NAME)";
				SWIFT_EMIT_LOC_STRINGS = YES;
				SWIFT_VERSION = 5.0;
				TARGETED_DEVICE_FAMILY = "1,2";
			};
			name = Release;
		};
		2401EC882BAADBC3001EA622 /* Debug */ = {
			isa = XCBuildConfiguration;
			buildSettings = {
				ALWAYS_EMBED_SWIFT_STANDARD_LIBRARIES = YES;
				BUNDLE_LOADER = "$(TEST_HOST)";
				CODE_SIGN_STYLE = Automatic;
				CURRENT_PROJECT_VERSION = 1;
				GENERATE_INFOPLIST_FILE = YES;
				IPHONEOS_DEPLOYMENT_TARGET = 17.2;
				MARKETING_VERSION = 1.0;
				PRODUCT_BUNDLE_IDENTIFIER = "jasmine.fetch-exerciseTests";
				PRODUCT_NAME = "$(TARGET_NAME)";
				SWIFT_EMIT_LOC_STRINGS = NO;
				SWIFT_VERSION = 5.0;
				TARGETED_DEVICE_FAMILY = "1,2";
				TEST_HOST = "$(BUILT_PRODUCTS_DIR)/fetch-exercise.app/$(BUNDLE_EXECUTABLE_FOLDER_PATH)/fetch-exercise";
			};
			name = Debug;
		};
		2401EC892BAADBC3001EA622 /* Release */ = {
			isa = XCBuildConfiguration;
			buildSettings = {
				ALWAYS_EMBED_SWIFT_STANDARD_LIBRARIES = YES;
				BUNDLE_LOADER = "$(TEST_HOST)";
				CODE_SIGN_STYLE = Automatic;
				CURRENT_PROJECT_VERSION = 1;
				GENERATE_INFOPLIST_FILE = YES;
				IPHONEOS_DEPLOYMENT_TARGET = 17.2;
				MARKETING_VERSION = 1.0;
				PRODUCT_BUNDLE_IDENTIFIER = "jasmine.fetch-exerciseTests";
				PRODUCT_NAME = "$(TARGET_NAME)";
				SWIFT_EMIT_LOC_STRINGS = NO;
				SWIFT_VERSION = 5.0;
				TARGETED_DEVICE_FAMILY = "1,2";
				TEST_HOST = "$(BUILT_PRODUCTS_DIR)/fetch-exercise.app/$(BUNDLE_EXECUTABLE_FOLDER_PATH)/fetch-exercise";
			};
			name = Release;
		};
		2401EC8B2BAADBC3001EA622 /* Debug */ = {
			isa = XCBuildConfiguration;
			buildSettings = {
				ALWAYS_EMBED_SWIFT_STANDARD_LIBRARIES = YES;
				CODE_SIGN_STYLE = Automatic;
				CURRENT_PROJECT_VERSION = 1;
				GENERATE_INFOPLIST_FILE = YES;
				MARKETING_VERSION = 1.0;
				PRODUCT_BUNDLE_IDENTIFIER = "jasmine.fetch-exerciseUITests";
				PRODUCT_NAME = "$(TARGET_NAME)";
				SWIFT_EMIT_LOC_STRINGS = NO;
				SWIFT_VERSION = 5.0;
				TARGETED_DEVICE_FAMILY = "1,2";
				TEST_TARGET_NAME = "fetch-exercise";
			};
			name = Debug;
		};
		2401EC8C2BAADBC3001EA622 /* Release */ = {
			isa = XCBuildConfiguration;
			buildSettings = {
				ALWAYS_EMBED_SWIFT_STANDARD_LIBRARIES = YES;
				CODE_SIGN_STYLE = Automatic;
				CURRENT_PROJECT_VERSION = 1;
				GENERATE_INFOPLIST_FILE = YES;
				MARKETING_VERSION = 1.0;
				PRODUCT_BUNDLE_IDENTIFIER = "jasmine.fetch-exerciseUITests";
				PRODUCT_NAME = "$(TARGET_NAME)";
				SWIFT_EMIT_LOC_STRINGS = NO;
				SWIFT_VERSION = 5.0;
				TARGETED_DEVICE_FAMILY = "1,2";
				TEST_TARGET_NAME = "fetch-exercise";
			};
			name = Release;
		};
/* End XCBuildConfiguration section */

/* Begin XCConfigurationList section */
		2401EC562BAADBC1001EA622 /* Build configuration list for PBXProject "fetch-exercise" */ = {
			isa = XCConfigurationList;
			buildConfigurations = (
				2401EC822BAADBC3001EA622 /* Debug */,
				2401EC832BAADBC3001EA622 /* Release */,
			);
			defaultConfigurationIsVisible = 0;
			defaultConfigurationName = Release;
		};
		2401EC842BAADBC3001EA622 /* Build configuration list for PBXNativeTarget "fetch-exercise" */ = {
			isa = XCConfigurationList;
			buildConfigurations = (
				2401EC852BAADBC3001EA622 /* Debug */,
				2401EC862BAADBC3001EA622 /* Release */,
			);
			defaultConfigurationIsVisible = 0;
			defaultConfigurationName = Release;
		};
		2401EC872BAADBC3001EA622 /* Build configuration list for PBXNativeTarget "fetch-exerciseTests" */ = {
			isa = XCConfigurationList;
			buildConfigurations = (
				2401EC882BAADBC3001EA622 /* Debug */,
				2401EC892BAADBC3001EA622 /* Release */,
			);
			defaultConfigurationIsVisible = 0;
			defaultConfigurationName = Release;
		};
		2401EC8A2BAADBC3001EA622 /* Build configuration list for PBXNativeTarget "fetch-exerciseUITests" */ = {
			isa = XCConfigurationList;
			buildConfigurations = (
				2401EC8B2BAADBC3001EA622 /* Debug */,
				2401EC8C2BAADBC3001EA622 /* Release */,
			);
			defaultConfigurationIsVisible = 0;
			defaultConfigurationName = Release;
		};
/* End XCConfigurationList section */

/* Begin XCVersionGroup section */
		2401EC692BAADBC3001EA622 /* fetch_exercise.xcdatamodeld */ = {
			isa = XCVersionGroup;
			children = (
				2401EC6A2BAADBC3001EA622 /* fetch_exercise.xcdatamodel */,
			);
			currentVersion = 2401EC6A2BAADBC3001EA622 /* fetch_exercise.xcdatamodel */;
			path = fetch_exercise.xcdatamodeld;
			sourceTree = "<group>";
			versionGroupType = wrapper.xcdatamodel;
		};
/* End XCVersionGroup section */
	};
	rootObject = 2401EC532BAADBC1001EA622 /* Project object */;
}
